// !$*UTF8*$!
{
	archiveVersion = 1;
	classes = {
	};
	objectVersion = 46;
	objects = {

/* Begin PBXBuildFile section */
		F25144C71ABBF9910055D9D6 /* SVMFolderCell.m in Sources */ = {isa = PBXBuildFile; fileRef = F25144C61ABBF9910055D9D6 /* SVMFolderCell.m */; };
		F25144CA1ABBFB120055D9D6 /* SVMDataCell.m in Sources */ = {isa = PBXBuildFile; fileRef = F25144C91ABBFB120055D9D6 /* SVMDataCell.m */; };
		F2D3A5AB1AB93E7400AEBBB8 /* main.m in Sources */ = {isa = PBXBuildFile; fileRef = F2D3A5AA1AB93E7400AEBBB8 /* main.m */; };
		F2D3A5AE1AB93E7400AEBBB8 /* AppDelegate.m in Sources */ = {isa = PBXBuildFile; fileRef = F2D3A5AD1AB93E7400AEBBB8 /* AppDelegate.m */; };
		F2D3A5B41AB93E7400AEBBB8 /* Main.storyboard in Resources */ = {isa = PBXBuildFile; fileRef = F2D3A5B21AB93E7400AEBBB8 /* Main.storyboard */; };
		F2D3A5B61AB93E7400AEBBB8 /* Images.xcassets in Resources */ = {isa = PBXBuildFile; fileRef = F2D3A5B51AB93E7400AEBBB8 /* Images.xcassets */; };
		F2D3A5B91AB93E7400AEBBB8 /* LaunchScreen.xib in Resources */ = {isa = PBXBuildFile; fileRef = F2D3A5B71AB93E7400AEBBB8 /* LaunchScreen.xib */; };
		F2D3A5D21AB93EC100AEBBB8 /* SVMNodedTable.m in Sources */ = {isa = PBXBuildFile; fileRef = F2D3A5D11AB93EC100AEBBB8 /* SVMNodedTable.m */; };
/* End PBXBuildFile section */

/* Begin PBXFileReference section */
		F25144C51ABBF9910055D9D6 /* SVMFolderCell.h */ = {isa = PBXFileReference; fileEncoding = 4; lastKnownFileType = sourcecode.c.h; path = SVMFolderCell.h; sourceTree = "<group>"; };
		F25144C61ABBF9910055D9D6 /* SVMFolderCell.m */ = {isa = PBXFileReference; fileEncoding = 4; lastKnownFileType = sourcecode.c.objc; path = SVMFolderCell.m; sourceTree = "<group>"; };
		F25144C81ABBFB120055D9D6 /* SVMDataCell.h */ = {isa = PBXFileReference; fileEncoding = 4; lastKnownFileType = sourcecode.c.h; path = SVMDataCell.h; sourceTree = "<group>"; };
		F25144C91ABBFB120055D9D6 /* SVMDataCell.m */ = {isa = PBXFileReference; fileEncoding = 4; lastKnownFileType = sourcecode.c.objc; path = SVMDataCell.m; sourceTree = "<group>"; };
		F2D3A5A51AB93E7400AEBBB8 /* SVMNodedTable.app */ = {isa = PBXFileReference; explicitFileType = wrapper.application; includeInIndex = 0; path = SVMNodedTable.app; sourceTree = BUILT_PRODUCTS_DIR; };
		F2D3A5A91AB93E7400AEBBB8 /* Info.plist */ = {isa = PBXFileReference; lastKnownFileType = text.plist.xml; path = Info.plist; sourceTree = "<group>"; };
		F2D3A5AA1AB93E7400AEBBB8 /* main.m */ = {isa = PBXFileReference; lastKnownFileType = sourcecode.c.objc; path = main.m; sourceTree = "<group>"; };
		F2D3A5AC1AB93E7400AEBBB8 /* AppDelegate.h */ = {isa = PBXFileReference; lastKnownFileType = sourcecode.c.h; path = AppDelegate.h; sourceTree = "<group>"; };
		F2D3A5AD1AB93E7400AEBBB8 /* AppDelegate.m */ = {isa = PBXFileReference; lastKnownFileType = sourcecode.c.objc; path = AppDelegate.m; sourceTree = "<group>"; };
		F2D3A5B31AB93E7400AEBBB8 /* Base */ = {isa = PBXFileReference; lastKnownFileType = file.storyboard; name = Base; path = Base.lproj/Main.storyboard; sourceTree = "<group>"; };
		F2D3A5B51AB93E7400AEBBB8 /* Images.xcassets */ = {isa = PBXFileReference; lastKnownFileType = folder.assetcatalog; path = Images.xcassets; sourceTree = "<group>"; };
		F2D3A5B81AB93E7400AEBBB8 /* Base */ = {isa = PBXFileReference; lastKnownFileType = file.xib; name = Base; path = Base.lproj/LaunchScreen.xib; sourceTree = "<group>"; };
		F2D3A5D01AB93EC100AEBBB8 /* SVMNodedTable.h */ = {isa = PBXFileReference; fileEncoding = 4; lastKnownFileType = sourcecode.c.h; path = SVMNodedTable.h; sourceTree = "<group>"; };
		F2D3A5D11AB93EC100AEBBB8 /* SVMNodedTable.m */ = {isa = PBXFileReference; fileEncoding = 4; lastKnownFileType = sourcecode.c.objc; path = SVMNodedTable.m; sourceTree = "<group>"; };
/* End PBXFileReference section */

/* Begin PBXFrameworksBuildPhase section */
		F2D3A5A21AB93E7400AEBBB8 /* Frameworks */ = {
			isa = PBXFrameworksBuildPhase;
			buildActionMask = 2147483647;
			files = (
			);
			runOnlyForDeploymentPostprocessing = 0;
		};
/* End PBXFrameworksBuildPhase section */

/* Begin PBXGroup section */
		F2D3A59C1AB93E7400AEBBB8 = {
			isa = PBXGroup;
			children = (
				F2D3A5A71AB93E7400AEBBB8 /* SVMNodedTable */,
				F2D3A5A61AB93E7400AEBBB8 /* Products */,
			);
			sourceTree = "<group>";
		};
		F2D3A5A61AB93E7400AEBBB8 /* Products */ = {
			isa = PBXGroup;
			children = (
				F2D3A5A51AB93E7400AEBBB8 /* SVMNodedTable.app */,
			);
			name = Products;
			sourceTree = "<group>";
		};
		F2D3A5A71AB93E7400AEBBB8 /* SVMNodedTable */ = {
			isa = PBXGroup;
			children = (
				F2D3A5AC1AB93E7400AEBBB8 /* AppDelegate.h */,
				F2D3A5AD1AB93E7400AEBBB8 /* AppDelegate.m */,
				F2D3A5CE1AB93EA700AEBBB8 /* Classes */,
				F2D3A5B21AB93E7400AEBBB8 /* Main.storyboard */,
				F2D3A5B51AB93E7400AEBBB8 /* Images.xcassets */,
				F2D3A5B71AB93E7400AEBBB8 /* LaunchScreen.xib */,
				F2D3A5A81AB93E7400AEBBB8 /* Supporting Files */,
			);
			path = SVMNodedTable;
			sourceTree = "<group>";
		};
		F2D3A5A81AB93E7400AEBBB8 /* Supporting Files */ = {
			isa = PBXGroup;
			children = (
				F2D3A5A91AB93E7400AEBBB8 /* Info.plist */,
				F2D3A5AA1AB93E7400AEBBB8 /* main.m */,
			);
			name = "Supporting Files";
			sourceTree = "<group>";
		};
		F2D3A5CE1AB93EA700AEBBB8 /* Classes */ = {
			isa = PBXGroup;
			children = (
				F2D3A5CF1AB93EA700AEBBB8 /* SVMNodedTable */,
			);
			path = Classes;
			sourceTree = "<group>";
		};
		F2D3A5CF1AB93EA700AEBBB8 /* SVMNodedTable */ = {
			isa = PBXGroup;
			children = (
				F2D3A5D01AB93EC100AEBBB8 /* SVMNodedTable.h */,
				F2D3A5D11AB93EC100AEBBB8 /* SVMNodedTable.m */,
				F25144C51ABBF9910055D9D6 /* SVMFolderCell.h */,
				F25144C61ABBF9910055D9D6 /* SVMFolderCell.m */,
				F25144C81ABBFB120055D9D6 /* SVMDataCell.h */,
				F25144C91ABBFB120055D9D6 /* SVMDataCell.m */,
			);
			path = SVMNodedTable;
			sourceTree = "<group>";
		};
/* End PBXGroup section */

/* Begin PBXNativeTarget section */
		F2D3A5A41AB93E7400AEBBB8 /* SVMNodedTable */ = {
			isa = PBXNativeTarget;
			buildConfigurationList = F2D3A5C81AB93E7400AEBBB8 /* Build configuration list for PBXNativeTarget "SVMNodedTable" */;
			buildPhases = (
				F2D3A5A11AB93E7400AEBBB8 /* Sources */,
				F2D3A5A21AB93E7400AEBBB8 /* Frameworks */,
				F2D3A5A31AB93E7400AEBBB8 /* Resources */,
			);
			buildRules = (
			);
			dependencies = (
			);
			name = SVMNodedTable;
			productName = SVMNodedTable;
			productReference = F2D3A5A51AB93E7400AEBBB8 /* SVMNodedTable.app */;
			productType = "com.apple.product-type.application";
		};
/* End PBXNativeTarget section */

/* Begin PBXProject section */
		F2D3A59D1AB93E7400AEBBB8 /* Project object */ = {
			isa = PBXProject;
			attributes = {
				LastUpgradeCheck = 0610;
				ORGANIZATIONNAME = "Amin Siddiqui";
				TargetAttributes = {
					F2D3A5A41AB93E7400AEBBB8 = {
						CreatedOnToolsVersion = 6.1.1;
					};
				};
			};
			buildConfigurationList = F2D3A5A01AB93E7400AEBBB8 /* Build configuration list for PBXProject "SVMNodedTable" */;
			compatibilityVersion = "Xcode 3.2";
			developmentRegion = English;
			hasScannedForEncodings = 0;
			knownRegions = (
				en,
				Base,
			);
			mainGroup = F2D3A59C1AB93E7400AEBBB8;
			productRefGroup = F2D3A5A61AB93E7400AEBBB8 /* Products */;
			projectDirPath = "";
			projectRoot = "";
			targets = (
				F2D3A5A41AB93E7400AEBBB8 /* SVMNodedTable */,
			);
		};
/* End PBXProject section */

/* Begin PBXResourcesBuildPhase section */
		F2D3A5A31AB93E7400AEBBB8 /* Resources */ = {
			isa = PBXResourcesBuildPhase;
			buildActionMask = 2147483647;
			files = (
				F2D3A5B41AB93E7400AEBBB8 /* Main.storyboard in Resources */,
				F2D3A5B91AB93E7400AEBBB8 /* LaunchScreen.xib in Resources */,
				F2D3A5B61AB93E7400AEBBB8 /* Images.xcassets in Resources */,
			);
			runOnlyForDeploymentPostprocessing = 0;
		};
/* End PBXResourcesBuildPhase section */

/* Begin PBXSourcesBuildPhase section */
		F2D3A5A11AB93E7400AEBBB8 /* Sources */ = {
			isa = PBXSourcesBuildPhase;
			buildActionMask = 2147483647;
			files = (
				F25144C71ABBF9910055D9D6 /* SVMFolderCell.m in Sources */,
				F2D3A5AE1AB93E7400AEBBB8 /* AppDelegate.m in Sources */,
				F2D3A5AB1AB93E7400AEBBB8 /* main.m in Sources */,
				F2D3A5D21AB93EC100AEBBB8 /* SVMNodedTable.m in Sources */,
				F25144CA1ABBFB120055D9D6 /* SVMDataCell.m in Sources */,
			);
			runOnlyForDeploymentPostprocessing = 0;
		};
/* End PBXSourcesBuildPhase section */

/* Begin PBXVariantGroup section */
		F2D3A5B21AB93E7400AEBBB8 /* Main.storyboard */ = {
			isa = PBXVariantGroup;
			children = (
				F2D3A5B31AB93E7400AEBBB8 /* Base */,
			);
			name = Main.storyboard;
			sourceTree = "<group>";
		};
		F2D3A5B71AB93E7400AEBBB8 /* LaunchScreen.xib */ = {
			isa = PBXVariantGroup;
			children = (
				F2D3A5B81AB93E7400AEBBB8 /* Base */,
			);
			name = LaunchScreen.xib;
			sourceTree = "<group>";
		};
/* End PBXVariantGroup section */

/* Begin XCBuildConfiguration section */
		F2D3A5C61AB93E7400AEBBB8 /* Debug */ = {
			isa = XCBuildConfiguration;
			buildSettings = {
				ALWAYS_SEARCH_USER_PATHS = NO;
				CLANG_CXX_LANGUAGE_STANDARD = "gnu++0x";
				CLANG_CXX_LIBRARY = "libc++";
				CLANG_ENABLE_MODULES = YES;
				CLANG_ENABLE_OBJC_ARC = YES;
				CLANG_WARN_BOOL_CONVERSION = YES;
				CLANG_WARN_CONSTANT_CONVERSION = YES;
				CLANG_WARN_DIRECT_OBJC_ISA_USAGE = YES_ERROR;
				CLANG_WARN_EMPTY_BODY = YES;
				CLANG_WARN_ENUM_CONVERSION = YES;
				CLANG_WARN_INT_CONVERSION = YES;
				CLANG_WARN_OBJC_ROOT_CLASS = YES_ERROR;
				CLANG_WARN_UNREACHABLE_CODE = YES;
				CLANG_WARN__DUPLICATE_METHOD_MATCH = YES;
				COPY_PHASE_STRIP = NO;
				ENABLE_STRICT_OBJC_MSGSEND = YES;
				GCC_C_LANGUAGE_STANDARD = gnu99;
				GCC_DYNAMIC_NO_PIC = NO;
				GCC_OPTIMIZATION_LEVEL = 0;
				GCC_PREPROCESSOR_DEFINITIONS = (
					"DEBUG=1",
					"$(inherited)",
				);
				GCC_SYMBOLS_PRIVATE_EXTERN = NO;
				GCC_WARN_64_TO_32_BIT_CONVERSION = YES;
				GCC_WARN_ABOUT_RETURN_TYPE = YES_ERROR;
				GCC_WARN_UNDECLARED_SELECTOR = YES;
				GCC_WARN_UNINITIALIZED_AUTOS = YES_AGGRESSIVE;
				GCC_WARN_UNUSED_FUNCTION = YES;
				GCC_WARN_UNUSED_VARIABLE = YES;
				IPHONEOS_DEPLOYMENT_TARGET = 7.0;
				MTL_ENABLE_DEBUG_INFO = YES;
				ONLY_ACTIVE_ARCH = YES;
				SDKROOT = iphoneos;
			};
			name = Debug;
		};
		F2D3A5C71AB93E7400AEBBB8 /* Release */ = {
			isa = XCBuildConfiguration;
			buildSettings = {
				ALWAYS_SEARCH_USER_PATHS = NO;
				CLANG_CXX_LANGUAGE_STANDARD = "gnu++0x";
				CLANG_CXX_LIBRARY = "libc++";
				CLANG_ENABLE_MODULES = YES;
				CLANG_ENABLE_OBJC_ARC = YES;
				CLANG_WARN_BOOL_CONVERSION = YES;
				CLANG_WARN_CONSTANT_CONVERSION = YES;
				CLANG_WARN_DIRECT_OBJC_ISA_USAGE = YES_ERROR;
				CLANG_WARN_EMPTY_BODY = YES;
				CLANG_WARN_ENUM_CONVERSION = YES;
				CLANG_WARN_INT_CONVERSION = YES;
				CLANG_WARN_OBJC_ROOT_CLASS = YES_ERROR;
				CLANG_WARN_UNREACHABLE_CODE = YES;
				CLANG_WARN__DUPLICATE_METHOD_MATCH = YES;
				COPY_PHASE_STRIP = YES;
				ENABLE_NS_ASSERTIONS = NO;
				ENABLE_STRICT_OBJC_MSGSEND = YES;
				GCC_C_LANGUAGE_STANDARD = gnu99;
				GCC_WARN_64_TO_32_BIT_CONVERSION = YES;
				GCC_WARN_ABOUT_RETURN_TYPE = YES_ERROR;
				GCC_WARN_UNDECLARED_SELECTOR = YES;
				GCC_WARN_UNINITIALIZED_AUTOS = YES_AGGRESSIVE;
				GCC_WARN_UNUSED_FUNCTION = YES;
				GCC_WARN_UNUSED_VARIABLE = YES;
				IPHONEOS_DEPLOYMENT_TARGET = 7.0;
				MTL_ENABLE_DEBUG_INFO = NO;
				SDKROOT = iphoneos;
				VALIDATE_PRODUCT = YES;
			};
			name = Release;
		};
		F2D3A5C91AB93E7400AEBBB8 /* Debug */ = {
			isa = XCBuildConfiguration;
			buildSettings = {
				ASSETCATALOG_COMPILER_APPICON_NAME = AppIcon;
				INFOPLIST_FILE = SVMNodedTable/Info.plist;
				IPHONEOS_DEPLOYMENT_TARGET = 7.0;
				LD_RUNPATH_SEARCH_PATHS = "$(inherited) @executable_path/Frameworks";
				PRODUCT_NAME = "$(TARGET_NAME)";
			};
			name = Debug;
		};
		F2D3A5CA1AB93E7400AEBBB8 /* Release */ = {
			isa = XCBuildConfiguration;
			buildSettings = {
				ASSETCATALOG_COMPILER_APPICON_NAME = AppIcon;
				INFOPLIST_FILE = SVMNodedTable/Info.plist;
				IPHONEOS_DEPLOYMENT_TARGET = 7.0;
				LD_RUNPATH_SEARCH_PATHS = "$(inherited) @executable_path/Frameworks";
				PRODUCT_NAME = "$(TARGET_NAME)";
			};
			name = Release;
		};
/* End XCBuildConfiguration section */

/* Begin XCConfigurationList section */
		F2D3A5A01AB93E7400AEBBB8 /* Build configuration list for PBXProject "SVMNodedTable" */ = {
			isa = XCConfigurationList;
			buildConfigurations = (
				F2D3A5C61AB93E7400AEBBB8 /* Debug */,
				F2D3A5C71AB93E7400AEBBB8 /* Release */,
			);
			defaultConfigurationIsVisible = 0;
			defaultConfigurationName = Release;
		};
		F2D3A5C81AB93E7400AEBBB8 /* Build configuration list for PBXNativeTarget "SVMNodedTable" */ = {
			isa = XCConfigurationList;
			buildConfigurations = (
				F2D3A5C91AB93E7400AEBBB8 /* Debug */,
				F2D3A5CA1AB93E7400AEBBB8 /* Release */,
			);
			defaultConfigurationIsVisible = 0;
			defaultConfigurationName = Release;
		};
/* End XCConfigurationList section */
	};
	rootObject = F2D3A59D1AB93E7400AEBBB8 /* Project object */;
}
